
Microsoft Visual Studio Solution File, Format Version 12.00
Project("{FAE04EC0-301F-11D3-BF4B-00C04F79EFBC}") = "MonqLab test task", "MonqLab test task.csproj", "{4B36A7A2-8DBE-4778-A1A6-87747D9D4D89}"
EndProject
Global
	GlobalSection(SolutionConfigurationPlatforms) = preSolution
		Debug|Any CPU = Debug|Any CPU
		Release|Any CPU = Release|Any CPU
	EndGlobalSection
	GlobalSection(ProjectConfigurationPlatforms) = postSolution
		{4B36A7A2-8DBE-4778-A1A6-87747D9D4D89}.Debug|Any CPU.ActiveCfg = Debug|Any CPU
		{4B36A7A2-8DBE-4778-A1A6-87747D9D4D89}.Debug|Any CPU.Build.0 = Debug|Any CPU
		{4B36A7A2-8DBE-4778-A1A6-87747D9D4D89}.Release|Any CPU.ActiveCfg = Release|Any CPU
		{4B36A7A2-8DBE-4778-A1A6-87747D9D4D89}.Release|Any CPU.Build.0 = Release|Any CPU
	EndGlobalSection
EndGlobal
